// !$*UTF8*$!
{
	archiveVersion = 1;
	classes = {
	};
	objectVersion = 51;
	objects = {

/* Begin PBXBuildFile section */
		344BEF0224079E1700B5C2B8 /* AppDelegate.swift in Sources */ = {isa = PBXBuildFile; fileRef = 344BEF0124079E1700B5C2B8 /* AppDelegate.swift */; };
		344BEF0424079E1700B5C2B8 /* SceneDelegate.swift in Sources */ = {isa = PBXBuildFile; fileRef = 344BEF0324079E1700B5C2B8 /* SceneDelegate.swift */; };
		344BEF0624079E1700B5C2B8 /* ViewController.swift in Sources */ = {isa = PBXBuildFile; fileRef = 344BEF0524079E1700B5C2B8 /* ViewController.swift */; };
		344BEF0924079E1700B5C2B8 /* Main.storyboard in Resources */ = {isa = PBXBuildFile; fileRef = 344BEF0724079E1700B5C2B8 /* Main.storyboard */; };
		344BEF0B24079E1800B5C2B8 /* Assets.xcassets in Resources */ = {isa = PBXBuildFile; fileRef = 344BEF0A24079E1800B5C2B8 /* Assets.xcassets */; };
		344BEF0E24079E1800B5C2B8 /* LaunchScreen.storyboard in Resources */ = {isa = PBXBuildFile; fileRef = 344BEF0C24079E1800B5C2B8 /* LaunchScreen.storyboard */; };
		344BEF1924079E1800B5C2B8 /* MVICounterTests.swift in Sources */ = {isa = PBXBuildFile; fileRef = 344BEF1824079E1800B5C2B8 /* MVICounterTests.swift */; };
		344BEF262407A47600B5C2B8 /* CounterIntentions.swift in Sources */ = {isa = PBXBuildFile; fileRef = 344BEF252407A47600B5C2B8 /* CounterIntentions.swift */; };
		344BEF282407A52600B5C2B8 /* CounterState.swift in Sources */ = {isa = PBXBuildFile; fileRef = 344BEF272407A52600B5C2B8 /* CounterState.swift */; };
		344BEF2A2407A60500B5C2B8 /* CounterModel.swift in Sources */ = {isa = PBXBuildFile; fileRef = 344BEF292407A60500B5C2B8 /* CounterModel.swift */; };
		344BEF2C2407CA1D00B5C2B8 /* CounterView.swift in Sources */ = {isa = PBXBuildFile; fileRef = 344BEF2B2407CA1D00B5C2B8 /* CounterView.swift */; };
		3D1496E87E4F41D0C1ABFA15 /* Pods_MVICounter.framework in Frameworks */ = {isa = PBXBuildFile; fileRef = DD86A8A5AB4745BC3755F67F /* Pods_MVICounter.framework */; };
		658ABA850CA78B87096D26F7 /* Pods_MVICounterTests.framework in Frameworks */ = {isa = PBXBuildFile; fileRef = 7326D4EA7E635DCBD23DD0CE /* Pods_MVICounterTests.framework */; };
/* End PBXBuildFile section */

/* Begin PBXContainerItemProxy section */
		344BEF1524079E1800B5C2B8 /* PBXContainerItemProxy */ = {
			isa = PBXContainerItemProxy;
			containerPortal = 344BEEF624079E1700B5C2B8 /* Project object */;
			proxyType = 1;
			remoteGlobalIDString = 344BEEFD24079E1700B5C2B8;
			remoteInfo = MVICounter;
		};
/* End PBXContainerItemProxy section */

/* Begin PBXFileReference section */
		344BEEFE24079E1700B5C2B8 /* MVICounter.app */ = {isa = PBXFileReference; explicitFileType = wrapper.application; includeInIndex = 0; path = MVICounter.app; sourceTree = BUILT_PRODUCTS_DIR; };
		344BEF0124079E1700B5C2B8 /* AppDelegate.swift */ = {isa = PBXFileReference; lastKnownFileType = sourcecode.swift; path = AppDelegate.swift; sourceTree = "<group>"; };
		344BEF0324079E1700B5C2B8 /* SceneDelegate.swift */ = {isa = PBXFileReference; lastKnownFileType = sourcecode.swift; path = SceneDelegate.swift; sourceTree = "<group>"; };
		344BEF0524079E1700B5C2B8 /* ViewController.swift */ = {isa = PBXFileReference; lastKnownFileType = sourcecode.swift; path = ViewController.swift; sourceTree = "<group>"; };
		344BEF0824079E1700B5C2B8 /* Base */ = {isa = PBXFileReference; lastKnownFileType = file.storyboard; name = Base; path = Base.lproj/Main.storyboard; sourceTree = "<group>"; };
		344BEF0A24079E1800B5C2B8 /* Assets.xcassets */ = {isa = PBXFileReference; lastKnownFileType = folder.assetcatalog; path = Assets.xcassets; sourceTree = "<group>"; };
		344BEF0D24079E1800B5C2B8 /* Base */ = {isa = PBXFileReference; lastKnownFileType = file.storyboard; name = Base; path = Base.lproj/LaunchScreen.storyboard; sourceTree = "<group>"; };
		344BEF0F24079E1800B5C2B8 /* Info.plist */ = {isa = PBXFileReference; lastKnownFileType = text.plist.xml; path = Info.plist; sourceTree = "<group>"; };
		344BEF1424079E1800B5C2B8 /* MVICounterTests.xctest */ = {isa = PBXFileReference; explicitFileType = wrapper.cfbundle; includeInIndex = 0; path = MVICounterTests.xctest; sourceTree = BUILT_PRODUCTS_DIR; };
		344BEF1824079E1800B5C2B8 /* MVICounterTests.swift */ = {isa = PBXFileReference; lastKnownFileType = sourcecode.swift; path = MVICounterTests.swift; sourceTree = "<group>"; };
		344BEF1A24079E1800B5C2B8 /* Info.plist */ = {isa = PBXFileReference; lastKnownFileType = text.plist.xml; path = Info.plist; sourceTree = "<group>"; };
		344BEF252407A47600B5C2B8 /* CounterIntentions.swift */ = {isa = PBXFileReference; lastKnownFileType = sourcecode.swift; path = CounterIntentions.swift; sourceTree = "<group>"; };
		344BEF272407A52600B5C2B8 /* CounterState.swift */ = {isa = PBXFileReference; lastKnownFileType = sourcecode.swift; path = CounterState.swift; sourceTree = "<group>"; };
		344BEF292407A60500B5C2B8 /* CounterModel.swift */ = {isa = PBXFileReference; lastKnownFileType = sourcecode.swift; path = CounterModel.swift; sourceTree = "<group>"; };
		344BEF2B2407CA1D00B5C2B8 /* CounterView.swift */ = {isa = PBXFileReference; lastKnownFileType = sourcecode.swift; path = CounterView.swift; sourceTree = "<group>"; };
		7326D4EA7E635DCBD23DD0CE /* Pods_MVICounterTests.framework */ = {isa = PBXFileReference; explicitFileType = wrapper.framework; includeInIndex = 0; path = Pods_MVICounterTests.framework; sourceTree = BUILT_PRODUCTS_DIR; };
		793D73318217F2BCFCBA15B9 /* Pods-MVICounterTests.release.xcconfig */ = {isa = PBXFileReference; includeInIndex = 1; lastKnownFileType = text.xcconfig; name = "Pods-MVICounterTests.release.xcconfig"; path = "Target Support Files/Pods-MVICounterTests/Pods-MVICounterTests.release.xcconfig"; sourceTree = "<group>"; };
		7B16C7F813A40C9121EB955B /* Pods-MVICounter.debug.xcconfig */ = {isa = PBXFileReference; includeInIndex = 1; lastKnownFileType = text.xcconfig; name = "Pods-MVICounter.debug.xcconfig"; path = "Target Support Files/Pods-MVICounter/Pods-MVICounter.debug.xcconfig"; sourceTree = "<group>"; };
		840BFE9BFB4F57D11ED41453 /* Pods-MVICounter.release.xcconfig */ = {isa = PBXFileReference; includeInIndex = 1; lastKnownFileType = text.xcconfig; name = "Pods-MVICounter.release.xcconfig"; path = "Target Support Files/Pods-MVICounter/Pods-MVICounter.release.xcconfig"; sourceTree = "<group>"; };
		A4CB5480BAE2EF7E38CA36BA /* Pods-MVICounterTests.debug.xcconfig */ = {isa = PBXFileReference; includeInIndex = 1; lastKnownFileType = text.xcconfig; name = "Pods-MVICounterTests.debug.xcconfig"; path = "Target Support Files/Pods-MVICounterTests/Pods-MVICounterTests.debug.xcconfig"; sourceTree = "<group>"; };
		DD86A8A5AB4745BC3755F67F /* Pods_MVICounter.framework */ = {isa = PBXFileReference; explicitFileType = wrapper.framework; includeInIndex = 0; path = Pods_MVICounter.framework; sourceTree = BUILT_PRODUCTS_DIR; };
/* End PBXFileReference section */

/* Begin PBXFrameworksBuildPhase section */
		344BEEFB24079E1700B5C2B8 /* Frameworks */ = {
			isa = PBXFrameworksBuildPhase;
			buildActionMask = 2147483647;
			files = (
				3D1496E87E4F41D0C1ABFA15 /* Pods_MVICounter.framework in Frameworks */,
			);
			runOnlyForDeploymentPostprocessing = 0;
		};
		344BEF1124079E1800B5C2B8 /* Frameworks */ = {
			isa = PBXFrameworksBuildPhase;
			buildActionMask = 2147483647;
			files = (
				658ABA850CA78B87096D26F7 /* Pods_MVICounterTests.framework in Frameworks */,
			);
			runOnlyForDeploymentPostprocessing = 0;
		};
/* End PBXFrameworksBuildPhase section */

/* Begin PBXGroup section */
		06AF04A7C5379A1EA3CE4DE6 /* Frameworks */ = {
			isa = PBXGroup;
			children = (
				DD86A8A5AB4745BC3755F67F /* Pods_MVICounter.framework */,
				7326D4EA7E635DCBD23DD0CE /* Pods_MVICounterTests.framework */,
			);
			name = Frameworks;
			sourceTree = "<group>";
		};
		11940E267BD003350A32E15B /* Pods */ = {
			isa = PBXGroup;
			children = (
				7B16C7F813A40C9121EB955B /* Pods-MVICounter.debug.xcconfig */,
				840BFE9BFB4F57D11ED41453 /* Pods-MVICounter.release.xcconfig */,
				A4CB5480BAE2EF7E38CA36BA /* Pods-MVICounterTests.debug.xcconfig */,
				793D73318217F2BCFCBA15B9 /* Pods-MVICounterTests.release.xcconfig */,
			);
			path = Pods;
			sourceTree = "<group>";
		};
		344BEEF524079E1700B5C2B8 = {
			isa = PBXGroup;
			children = (
				344BEF0024079E1700B5C2B8 /* MVICounter */,
				344BEF1724079E1800B5C2B8 /* MVICounterTests */,
				344BEEFF24079E1700B5C2B8 /* Products */,
				11940E267BD003350A32E15B /* Pods */,
				06AF04A7C5379A1EA3CE4DE6 /* Frameworks */,
			);
			sourceTree = "<group>";
		};
		344BEEFF24079E1700B5C2B8 /* Products */ = {
			isa = PBXGroup;
			children = (
				344BEEFE24079E1700B5C2B8 /* MVICounter.app */,
				344BEF1424079E1800B5C2B8 /* MVICounterTests.xctest */,
			);
			name = Products;
			sourceTree = "<group>";
		};
		344BEF0024079E1700B5C2B8 /* MVICounter */ = {
			isa = PBXGroup;
			children = (
				344BEF252407A47600B5C2B8 /* CounterIntentions.swift */,
				344BEF272407A52600B5C2B8 /* CounterState.swift */,
				344BEF292407A60500B5C2B8 /* CounterModel.swift */,
				344BEF0524079E1700B5C2B8 /* ViewController.swift */,
				344BEF2B2407CA1D00B5C2B8 /* CounterView.swift */,
				344BEF232407A45400B5C2B8 /* Files */,
			);
			path = MVICounter;
			sourceTree = "<group>";
		};
		344BEF1724079E1800B5C2B8 /* MVICounterTests */ = {
			isa = PBXGroup;
			children = (
				344BEF1824079E1800B5C2B8 /* MVICounterTests.swift */,
				344BEF1A24079E1800B5C2B8 /* Info.plist */,
			);
			path = MVICounterTests;
			sourceTree = "<group>";
		};
		344BEF232407A45400B5C2B8 /* Files */ = {
			isa = PBXGroup;
			children = (
				344BEF0124079E1700B5C2B8 /* AppDelegate.swift */,
				344BEF0324079E1700B5C2B8 /* SceneDelegate.swift */,
				344BEF0724079E1700B5C2B8 /* Main.storyboard */,
				344BEF0A24079E1800B5C2B8 /* Assets.xcassets */,
				344BEF0C24079E1800B5C2B8 /* LaunchScreen.storyboard */,
				344BEF0F24079E1800B5C2B8 /* Info.plist */,
			);
			path = Files;
			sourceTree = "<group>";
		};
/* End PBXGroup section */

/* Begin PBXNativeTarget section */
		344BEEFD24079E1700B5C2B8 /* MVICounter */ = {
			isa = PBXNativeTarget;
			buildConfigurationList = 344BEF1D24079E1800B5C2B8 /* Build configuration list for PBXNativeTarget "MVICounter" */;
			buildPhases = (
				2CAB656E00F7A5012C6B71B2 /* [CP] Check Pods Manifest.lock */,
				344BEEFA24079E1700B5C2B8 /* Sources */,
				344BEEFB24079E1700B5C2B8 /* Frameworks */,
				344BEEFC24079E1700B5C2B8 /* Resources */,
				347D5504D4173114204C02D9 /* [CP] Embed Pods Frameworks */,
			);
			buildRules = (
			);
			dependencies = (
			);
			name = MVICounter;
			productName = MVICounter;
			productReference = 344BEEFE24079E1700B5C2B8 /* MVICounter.app */;
			productType = "com.apple.product-type.application";
		};
		344BEF1324079E1800B5C2B8 /* MVICounterTests */ = {
			isa = PBXNativeTarget;
			buildConfigurationList = 344BEF2024079E1800B5C2B8 /* Build configuration list for PBXNativeTarget "MVICounterTests" */;
			buildPhases = (
				C0CD875EF894E1A8951F7EEF /* [CP] Check Pods Manifest.lock */,
				344BEF1024079E1800B5C2B8 /* Sources */,
				344BEF1124079E1800B5C2B8 /* Frameworks */,
				344BEF1224079E1800B5C2B8 /* Resources */,
				8A50913EC423B8B4E9E600D4 /* [CP] Embed Pods Frameworks */,
			);
			buildRules = (
			);
			dependencies = (
				344BEF1624079E1800B5C2B8 /* PBXTargetDependency */,
			);
			name = MVICounterTests;
			productName = MVICounterTests;
			productReference = 344BEF1424079E1800B5C2B8 /* MVICounterTests.xctest */;
			productType = "com.apple.product-type.bundle.unit-test";
		};
/* End PBXNativeTarget section */

/* Begin PBXProject section */
		344BEEF624079E1700B5C2B8 /* Project object */ = {
			isa = PBXProject;
			attributes = {
				LastSwiftUpdateCheck = 1120;
				LastUpgradeCheck = 1120;
				ORGANIZATIONNAME = "Kapil Rathore";
				TargetAttributes = {
					344BEEFD24079E1700B5C2B8 = {
						CreatedOnToolsVersion = 11.2.1;
					};
					344BEF1324079E1800B5C2B8 = {
						CreatedOnToolsVersion = 11.2.1;
						TestTargetID = 344BEEFD24079E1700B5C2B8;
					};
				};
			};
			buildConfigurationList = 344BEEF924079E1700B5C2B8 /* Build configuration list for PBXProject "MVICounter" */;
			compatibilityVersion = "Xcode 9.3";
			developmentRegion = en;
			hasScannedForEncodings = 0;
			knownRegions = (
				en,
				Base,
			);
			mainGroup = 344BEEF524079E1700B5C2B8;
			productRefGroup = 344BEEFF24079E1700B5C2B8 /* Products */;
			projectDirPath = "";
			projectRoot = "";
			targets = (
				344BEEFD24079E1700B5C2B8 /* MVICounter */,
				344BEF1324079E1800B5C2B8 /* MVICounterTests */,
			);
		};
/* End PBXProject section */

/* Begin PBXResourcesBuildPhase section */
		344BEEFC24079E1700B5C2B8 /* Resources */ = {
			isa = PBXResourcesBuildPhase;
			buildActionMask = 2147483647;
			files = (
				344BEF0E24079E1800B5C2B8 /* LaunchScreen.storyboard in Resources */,
				344BEF0B24079E1800B5C2B8 /* Assets.xcassets in Resources */,
				344BEF0924079E1700B5C2B8 /* Main.storyboard in Resources */,
			);
			runOnlyForDeploymentPostprocessing = 0;
		};
		344BEF1224079E1800B5C2B8 /* Resources */ = {
			isa = PBXResourcesBuildPhase;
			buildActionMask = 2147483647;
			files = (
			);
			runOnlyForDeploymentPostprocessing = 0;
		};
/* End PBXResourcesBuildPhase section */

/* Begin PBXShellScriptBuildPhase section */
		2CAB656E00F7A5012C6B71B2 /* [CP] Check Pods Manifest.lock */ = {
			isa = PBXShellScriptBuildPhase;
			buildActionMask = 2147483647;
			files = (
			);
			inputFileListPaths = (
			);
			inputPaths = (
				"${PODS_PODFILE_DIR_PATH}/Podfile.lock",
				"${PODS_ROOT}/Manifest.lock",
			);
			name = "[CP] Check Pods Manifest.lock";
			outputFileListPaths = (
			);
			outputPaths = (
				"$(DERIVED_FILE_DIR)/Pods-MVICounter-checkManifestLockResult.txt",
			);
			runOnlyForDeploymentPostprocessing = 0;
			shellPath = /bin/sh;
			shellScript = "diff \"${PODS_PODFILE_DIR_PATH}/Podfile.lock\" \"${PODS_ROOT}/Manifest.lock\" > /dev/null\nif [ $? != 0 ] ; then\n    # print error to STDERR\n    echo \"error: The sandbox is not in sync with the Podfile.lock. Run 'pod install' or update your CocoaPods installation.\" >&2\n    exit 1\nfi\n# This output is used by Xcode 'outputs' to avoid re-running this script phase.\necho \"SUCCESS\" > \"${SCRIPT_OUTPUT_FILE_0}\"\n";
			showEnvVarsInLog = 0;
		};
		347D5504D4173114204C02D9 /* [CP] Embed Pods Frameworks */ = {
			isa = PBXShellScriptBuildPhase;
			buildActionMask = 2147483647;
			files = (
			);
			inputFileListPaths = (
				"${PODS_ROOT}/Target Support Files/Pods-MVICounter/Pods-MVICounter-frameworks-${CONFIGURATION}-input-files.xcfilelist",
			);
			name = "[CP] Embed Pods Frameworks";
			outputFileListPaths = (
				"${PODS_ROOT}/Target Support Files/Pods-MVICounter/Pods-MVICounter-frameworks-${CONFIGURATION}-output-files.xcfilelist",
			);
			runOnlyForDeploymentPostprocessing = 0;
			shellPath = /bin/sh;
			shellScript = "\"${PODS_ROOT}/Target Support Files/Pods-MVICounter/Pods-MVICounter-frameworks.sh\"\n";
			showEnvVarsInLog = 0;
		};
		8A50913EC423B8B4E9E600D4 /* [CP] Embed Pods Frameworks */ = {
			isa = PBXShellScriptBuildPhase;
			buildActionMask = 2147483647;
			files = (
			);
			inputFileListPaths = (
				"${PODS_ROOT}/Target Support Files/Pods-MVICounterTests/Pods-MVICounterTests-frameworks-${CONFIGURATION}-input-files.xcfilelist",
			);
			name = "[CP] Embed Pods Frameworks";
			outputFileListPaths = (
				"${PODS_ROOT}/Target Support Files/Pods-MVICounterTests/Pods-MVICounterTests-frameworks-${CONFIGURATION}-output-files.xcfilelist",
			);
			runOnlyForDeploymentPostprocessing = 0;
			shellPath = /bin/sh;
			shellScript = "\"${PODS_ROOT}/Target Support Files/Pods-MVICounterTests/Pods-MVICounterTests-frameworks.sh\"\n";
			showEnvVarsInLog = 0;
		};
		C0CD875EF894E1A8951F7EEF /* [CP] Check Pods Manifest.lock */ = {
			isa = PBXShellScriptBuildPhase;
			buildActionMask = 2147483647;
			files = (
			);
			inputFileListPaths = (
			);
			inputPaths = (
				"${PODS_PODFILE_DIR_PATH}/Podfile.lock",
				"${PODS_ROOT}/Manifest.lock",
			);
			name = "[CP] Check Pods Manifest.lock";
			outputFileListPaths = (
			);
			outputPaths = (
				"$(DERIVED_FILE_DIR)/Pods-MVICounterTests-checkManifestLockResult.txt",
			);
			runOnlyForDeploymentPostprocessing = 0;
			shellPath = /bin/sh;
			shellScript = "diff \"${PODS_PODFILE_DIR_PATH}/Podfile.lock\" \"${PODS_ROOT}/Manifest.lock\" > /dev/null\nif [ $? != 0 ] ; then\n    # print error to STDERR\n    echo \"error: The sandbox is not in sync with the Podfile.lock. Run 'pod install' or update your CocoaPods installation.\" >&2\n    exit 1\nfi\n# This output is used by Xcode 'outputs' to avoid re-running this script phase.\necho \"SUCCESS\" > \"${SCRIPT_OUTPUT_FILE_0}\"\n";
			showEnvVarsInLog = 0;
		};
/* End PBXShellScriptBuildPhase section */

/* Begin PBXSourcesBuildPhase section */
		344BEEFA24079E1700B5C2B8 /* Sources */ = {
			isa = PBXSourcesBuildPhase;
			buildActionMask = 2147483647;
			files = (
				344BEF0624079E1700B5C2B8 /* ViewController.swift in Sources */,
				344BEF282407A52600B5C2B8 /* CounterState.swift in Sources */,
				344BEF2A2407A60500B5C2B8 /* CounterModel.swift in Sources */,
				344BEF2C2407CA1D00B5C2B8 /* CounterView.swift in Sources */,
				344BEF262407A47600B5C2B8 /* CounterIntentions.swift in Sources */,
				344BEF0224079E1700B5C2B8 /* AppDelegate.swift in Sources */,
				344BEF0424079E1700B5C2B8 /* SceneDelegate.swift in Sources */,
			);
			runOnlyForDeploymentPostprocessing = 0;
		};
		344BEF1024079E1800B5C2B8 /* Sources */ = {
			isa = PBXSourcesBuildPhase;
			buildActionMask = 2147483647;
			files = (
				344BEF1924079E1800B5C2B8 /* MVICounterTests.swift in Sources */,
			);
			runOnlyForDeploymentPostprocessing = 0;
		};
/* End PBXSourcesBuildPhase section */

/* Begin PBXTargetDependency section */
		344BEF1624079E1800B5C2B8 /* PBXTargetDependency */ = {
			isa = PBXTargetDependency;
			target = 344BEEFD24079E1700B5C2B8 /* MVICounter */;
			targetProxy = 344BEF1524079E1800B5C2B8 /* PBXContainerItemProxy */;
		};
/* End PBXTargetDependency section */

/* Begin PBXVariantGroup section */
		344BEF0724079E1700B5C2B8 /* Main.storyboard */ = {
			isa = PBXVariantGroup;
			children = (
				344BEF0824079E1700B5C2B8 /* Base */,
			);
			name = Main.storyboard;
			sourceTree = "<group>";
		};
		344BEF0C24079E1800B5C2B8 /* LaunchScreen.storyboard */ = {
			isa = PBXVariantGroup;
			children = (
				344BEF0D24079E1800B5C2B8 /* Base */,
			);
			name = LaunchScreen.storyboard;
			sourceTree = "<group>";
		};
/* End PBXVariantGroup section */

/* Begin XCBuildConfiguration section */
		344BEF1B24079E1800B5C2B8 /* Debug */ = {
			isa = XCBuildConfiguration;
			buildSettings = {
				ALWAYS_SEARCH_USER_PATHS = NO;
				CLANG_ANALYZER_NONNULL = YES;
				CLANG_ANALYZER_NUMBER_OBJECT_CONVERSION = YES_AGGRESSIVE;
				CLANG_CXX_LANGUAGE_STANDARD = "gnu++14";
				CLANG_CXX_LIBRARY = "libc++";
				CLANG_ENABLE_MODULES = YES;
				CLANG_ENABLE_OBJC_ARC = YES;
				CLANG_ENABLE_OBJC_WEAK = YES;
				CLANG_WARN_BLOCK_CAPTURE_AUTORELEASING = YES;
				CLANG_WARN_BOOL_CONVERSION = YES;
				CLANG_WARN_COMMA = YES;
				CLANG_WARN_CONSTANT_CONVERSION = YES;
				CLANG_WARN_DEPRECATED_OBJC_IMPLEMENTATIONS = YES;
				CLANG_WARN_DIRECT_OBJC_ISA_USAGE = YES_ERROR;
				CLANG_WARN_DOCUMENTATION_COMMENTS = YES;
				CLANG_WARN_EMPTY_BODY = YES;
				CLANG_WARN_ENUM_CONVERSION = YES;
				CLANG_WARN_INFINITE_RECURSION = YES;
				CLANG_WARN_INT_CONVERSION = YES;
				CLANG_WARN_NON_LITERAL_NULL_CONVERSION = YES;
				CLANG_WARN_OBJC_IMPLICIT_RETAIN_SELF = YES;
				CLANG_WARN_OBJC_LITERAL_CONVERSION = YES;
				CLANG_WARN_OBJC_ROOT_CLASS = YES_ERROR;
				CLANG_WARN_RANGE_LOOP_ANALYSIS = YES;
				CLANG_WARN_STRICT_PROTOTYPES = YES;
				CLANG_WARN_SUSPICIOUS_MOVE = YES;
				CLANG_WARN_UNGUARDED_AVAILABILITY = YES_AGGRESSIVE;
				CLANG_WARN_UNREACHABLE_CODE = YES;
				CLANG_WARN__DUPLICATE_METHOD_MATCH = YES;
				COPY_PHASE_STRIP = NO;
				DEBUG_INFORMATION_FORMAT = dwarf;
				ENABLE_STRICT_OBJC_MSGSEND = YES;
				ENABLE_TESTABILITY = YES;
				GCC_C_LANGUAGE_STANDARD = gnu11;
				GCC_DYNAMIC_NO_PIC = NO;
				GCC_NO_COMMON_BLOCKS = YES;
				GCC_OPTIMIZATION_LEVEL = 0;
				GCC_PREPROCESSOR_DEFINITIONS = (
					"DEBUG=1",
					"$(inherited)",
				);
				GCC_WARN_64_TO_32_BIT_CONVERSION = YES;
				GCC_WARN_ABOUT_RETURN_TYPE = YES_ERROR;
				GCC_WARN_UNDECLARED_SELECTOR = YES;
				GCC_WARN_UNINITIALIZED_AUTOS = YES_AGGRESSIVE;
				GCC_WARN_UNUSED_FUNCTION = YES;
				GCC_WARN_UNUSED_VARIABLE = YES;
				IPHONEOS_DEPLOYMENT_TARGET = 13.2;
				MTL_ENABLE_DEBUG_INFO = INCLUDE_SOURCE;
				MTL_FAST_MATH = YES;
				ONLY_ACTIVE_ARCH = YES;
				SDKROOT = iphoneos;
				SWIFT_ACTIVE_COMPILATION_CONDITIONS = DEBUG;
				SWIFT_OPTIMIZATION_LEVEL = "-Onone";
			};
			name = Debug;
		};
		344BEF1C24079E1800B5C2B8 /* Release */ = {
			isa = XCBuildConfiguration;
			buildSettings = {
				ALWAYS_SEARCH_USER_PATHS = NO;
				CLANG_ANALYZER_NONNULL = YES;
				CLANG_ANALYZER_NUMBER_OBJECT_CONVERSION = YES_AGGRESSIVE;
				CLANG_CXX_LANGUAGE_STANDARD = "gnu++14";
				CLANG_CXX_LIBRARY = "libc++";
				CLANG_ENABLE_MODULES = YES;
				CLANG_ENABLE_OBJC_ARC = YES;
				CLANG_ENABLE_OBJC_WEAK = YES;
				CLANG_WARN_BLOCK_CAPTURE_AUTORELEASING = YES;
				CLANG_WARN_BOOL_CONVERSION = YES;
				CLANG_WARN_COMMA = YES;
				CLANG_WARN_CONSTANT_CONVERSION = YES;
				CLANG_WARN_DEPRECATED_OBJC_IMPLEMENTATIONS = YES;
				CLANG_WARN_DIRECT_OBJC_ISA_USAGE = YES_ERROR;
				CLANG_WARN_DOCUMENTATION_COMMENTS = YES;
				CLANG_WARN_EMPTY_BODY = YES;
				CLANG_WARN_ENUM_CONVERSION = YES;
				CLANG_WARN_INFINITE_RECURSION = YES;
				CLANG_WARN_INT_CONVERSION = YES;
				CLANG_WARN_NON_LITERAL_NULL_CONVERSION = YES;
				CLANG_WARN_OBJC_IMPLICIT_RETAIN_SELF = YES;
				CLANG_WARN_OBJC_LITERAL_CONVERSION = YES;
				CLANG_WARN_OBJC_ROOT_CLASS = YES_ERROR;
				CLANG_WARN_RANGE_LOOP_ANALYSIS = YES;
				CLANG_WARN_STRICT_PROTOTYPES = YES;
				CLANG_WARN_SUSPICIOUS_MOVE = YES;
				CLANG_WARN_UNGUARDED_AVAILABILITY = YES_AGGRESSIVE;
				CLANG_WARN_UNREACHABLE_CODE = YES;
				CLANG_WARN__DUPLICATE_METHOD_MATCH = YES;
				COPY_PHASE_STRIP = NO;
				DEBUG_INFORMATION_FORMAT = "dwarf-with-dsym";
				ENABLE_NS_ASSERTIONS = NO;
				ENABLE_STRICT_OBJC_MSGSEND = YES;
				GCC_C_LANGUAGE_STANDARD = gnu11;
				GCC_NO_COMMON_BLOCKS = YES;
				GCC_WARN_64_TO_32_BIT_CONVERSION = YES;
				GCC_WARN_ABOUT_RETURN_TYPE = YES_ERROR;
				GCC_WARN_UNDECLARED_SELECTOR = YES;
				GCC_WARN_UNINITIALIZED_AUTOS = YES_AGGRESSIVE;
				GCC_WARN_UNUSED_FUNCTION = YES;
				GCC_WARN_UNUSED_VARIABLE = YES;
				IPHONEOS_DEPLOYMENT_TARGET = 13.2;
				MTL_ENABLE_DEBUG_INFO = NO;
				MTL_FAST_MATH = YES;
				SDKROOT = iphoneos;
				SWIFT_COMPILATION_MODE = wholemodule;
				SWIFT_OPTIMIZATION_LEVEL = "-O";
				VALIDATE_PRODUCT = YES;
			};
			name = Release;
		};
		344BEF1E24079E1800B5C2B8 /* Debug */ = {
			isa = XCBuildConfiguration;
			baseConfigurationReference = 7B16C7F813A40C9121EB955B /* Pods-MVICounter.debug.xcconfig */;
			buildSettings = {
				ASSETCATALOG_COMPILER_APPICON_NAME = AppIcon;
				CODE_SIGN_STYLE = Automatic;
				DEVELOPMENT_TEAM = TMG254D42M;
				INFOPLIST_FILE = MVICounter/Files/Info.plist;
				LD_RUNPATH_SEARCH_PATHS = (
					"$(inherited)",
					"@executable_path/Frameworks",
				);
				PRODUCT_BUNDLE_IDENTIFIER = com.kapilrathore.MVICounter;
				PRODUCT_NAME = "$(TARGET_NAME)";
				SWIFT_VERSION = 5.0;
				TARGETED_DEVICE_FAMILY = "1,2";
			};
			name = Debug;
		};
		344BEF1F24079E1800B5C2B8 /* Release */ = {
			isa = XCBuildConfiguration;
			baseConfigurationReference = 840BFE9BFB4F57D11ED41453 /* Pods-MVICounter.release.xcconfig */;
			buildSettings = {
				ASSETCATALOG_COMPILER_APPICON_NAME = AppIcon;
				CODE_SIGN_STYLE = Automatic;
				DEVELOPMENT_TEAM = TMG254D42M;
				INFOPLIST_FILE = MVICounter/Files/Info.plist;
				LD_RUNPATH_SEARCH_PATHS = (
					"$(inherited)",
					"@executable_path/Frameworks",
				);
				PRODUCT_BUNDLE_IDENTIFIER = com.kapilrathore.MVICounter;
				PRODUCT_NAME = "$(TARGET_NAME)";
				SWIFT_VERSION = 5.0;
				TARGETED_DEVICE_FAMILY = "1,2";
			};
			name = Release;
		};
		344BEF2124079E1800B5C2B8 /* Debug */ = {
			isa = XCBuildConfiguration;
			baseConfigurationReference = A4CB5480BAE2EF7E38CA36BA /* Pods-MVICounterTests.debug.xcconfig */;
			buildSettings = {
				ALWAYS_EMBED_SWIFT_STANDARD_LIBRARIES = YES;
				BUNDLE_LOADER = "$(TEST_HOST)";
				CODE_SIGN_STYLE = Automatic;
				DEVELOPMENT_TEAM = TMG254D42M;
				INFOPLIST_FILE = MVICounterTests/Info.plist;
				IPHONEOS_DEPLOYMENT_TARGET = 13.2;
				LD_RUNPATH_SEARCH_PATHS = (
					"$(inherited)",
					"@executable_path/Frameworks",
					"@loader_path/Frameworks",
				);
				PRODUCT_BUNDLE_IDENTIFIER = com.kapilrathore.MVICounterTests;
				PRODUCT_NAME = "$(TARGET_NAME)";
				SWIFT_VERSION = 5.0;
				TARGETED_DEVICE_FAMILY = "1,2";
				TEST_HOST = "$(BUILT_PRODUCTS_DIR)/MVICounter.app/MVICounter";
			};
			name = Debug;
		};
		344BEF2224079E1800B5C2B8 /* Release */ = {
			isa = XCBuildConfiguration;
			baseConfigurationReference = 793D73318217F2BCFCBA15B9 /* Pods-MVICounterTests.release.xcconfig */;
			buildSettings = {
				ALWAYS_EMBED_SWIFT_STANDARD_LIBRARIES = YES;
				BUNDLE_LOADER = "$(TEST_HOST)";
				CODE_SIGN_STYLE = Automatic;
				DEVELOPMENT_TEAM = TMG254D42M;
				INFOPLIST_FILE = MVICounterTests/Info.plist;
				IPHONEOS_DEPLOYMENT_TARGET = 13.2;
				LD_RUNPATH_SEARCH_PATHS = (
					"$(inherited)",
					"@executable_path/Frameworks",
					"@loader_path/Frameworks",
				);
				PRODUCT_BUNDLE_IDENTIFIER = com.kapilrathore.MVICounterTests;
				PRODUCT_NAME = "$(TARGET_NAME)";
				SWIFT_VERSION = 5.0;
				TARGETED_DEVICE_FAMILY = "1,2";
				TEST_HOST = "$(BUILT_PRODUCTS_DIR)/MVICounter.app/MVICounter";
			};
			name = Release;
		};
/* End XCBuildConfiguration section */

/* Begin XCConfigurationList section */
		344BEEF924079E1700B5C2B8 /* Build configuration list for PBXProject "MVICounter" */ = {
			isa = XCConfigurationList;
			buildConfigurations = (
				344BEF1B24079E1800B5C2B8 /* Debug */,
				344BEF1C24079E1800B5C2B8 /* Release */,
			);
			defaultConfigurationIsVisible = 0;
			defaultConfigurationName = Release;
		};
		344BEF1D24079E1800B5C2B8 /* Build configuration list for PBXNativeTarget "MVICounter" */ = {
			isa = XCConfigurationList;
			buildConfigurations = (
				344BEF1E24079E1800B5C2B8 /* Debug */,
				344BEF1F24079E1800B5C2B8 /* Release */,
			);
			defaultConfigurationIsVisible = 0;
			defaultConfigurationName = Release;
		};
		344BEF2024079E1800B5C2B8 /* Build configuration list for PBXNativeTarget "MVICounterTests" */ = {
			isa = XCConfigurationList;
			buildConfigurations = (
				344BEF2124079E1800B5C2B8 /* Debug */,
				344BEF2224079E1800B5C2B8 /* Release */,
			);
			defaultConfigurationIsVisible = 0;
			defaultConfigurationName = Release;
		};
/* End XCConfigurationList section */
	};
	rootObject = 344BEEF624079E1700B5C2B8 /* Project object */;
}
